
Microsoft Visual Studio Solution File, Format Version 12.00
Project("{FAE04EC0-301F-11D3-BF4B-00C04F79EFBC}") = "PlayingNotes", "PlayingNotes\PlayingNotes.csproj", "{D760B9A4-C859-4783-9B1B-8D5C3328C410}"
EndProject
Project("{FAE04EC0-301F-11D3-BF4B-00C04F79EFBC}") = "PlayingNotes.Tests", "PlayingNotes.Tests\PlayingNotes.Tests.csproj", "{B039DD70-D5EB-4052-A86C-FB1875D66038}"
EndProject
Global
	GlobalSection(SolutionConfigurationPlatforms) = preSolution
		Debug|Any CPU = Debug|Any CPU
		Release|Any CPU = Release|Any CPU
	EndGlobalSection
	GlobalSection(ProjectConfigurationPlatforms) = postSolution
		{D760B9A4-C859-4783-9B1B-8D5C3328C410}.Debug|Any CPU.ActiveCfg = Debug|Any CPU
		{D760B9A4-C859-4783-9B1B-8D5C3328C410}.Debug|Any CPU.Build.0 = Debug|Any CPU
		{D760B9A4-C859-4783-9B1B-8D5C3328C410}.Release|Any CPU.ActiveCfg = Release|Any CPU
		{D760B9A4-C859-4783-9B1B-8D5C3328C410}.Release|Any CPU.Build.0 = Release|Any CPU
		{B039DD70-D5EB-4052-A86C-FB1875D66038}.Debug|Any CPU.ActiveCfg = Debug|Any CPU
		{B039DD70-D5EB-4052-A86C-FB1875D66038}.Debug|Any CPU.Build.0 = Debug|Any CPU
		{B039DD70-D5EB-4052-A86C-FB1875D66038}.Release|Any CPU.ActiveCfg = Release|Any CPU
		{B039DD70-D5EB-4052-A86C-FB1875D66038}.Release|Any CPU.Build.0 = Release|Any CPU
	EndGlobalSection
EndGlobal
